# This file is generated by running "yarn install" inside your project.
# Manual changes might be lost - proceed with caution!

__metadata:
  version: 8
  cacheKey: 10c0

"@alloc/quick-lru@npm:^5.2.0":
  version: 5.2.0
  resolution: "@alloc/quick-lru@npm:5.2.0"
  checksum: 10c0/7b878c48b9d25277d0e1a9b8b2f2312a314af806b4129dc902f2bc29ab09b58236e53964689feec187b28c80d2203aff03829754773a707a8a5987f1b7682d92
  languageName: node
  linkType: hard

"@emnapi/core@npm:^1.7.1":
  version: 1.8.1
  resolution: "@emnapi/core@npm:1.8.1"
  dependencies:
    "@emnapi/wasi-threads": "npm:1.1.0"
    tslib: "npm:^2.4.0"
  checksum: 10c0/2c242f4b49779bac403e1cbcc98edacdb1c8ad36562408ba9a20663824669e930bc8493be46a2522d9dc946b8d96cd7073970bae914928c7671b5221c85b432e
  languageName: node
  linkType: hard

"@emnapi/runtime@npm:^1.7.0, @emnapi/runtime@npm:^1.7.1":
  version: 1.8.1
  resolution: "@emnapi/runtime@npm:1.8.1"
  dependencies:
    tslib: "npm:^2.4.0"
  checksum: 10c0/f4929d75e37aafb24da77d2f58816761fe3f826aad2e37fa6d4421dac9060cbd5098eea1ac3c9ecc4526b89deb58153852fa432f87021dc57863f2ff726d713f
  languageName: node
  linkType: hard

"@emnapi/wasi-threads@npm:1.1.0, @emnapi/wasi-threads@npm:^1.1.0":
  version: 1.1.0
  resolution: "@emnapi/wasi-threads@npm:1.1.0"
  dependencies:
    tslib: "npm:^2.4.0"
  checksum: 10c0/e6d54bf2b1e64cdd83d2916411e44e579b6ae35d5def0dea61a3c452d9921373044dff32a8b8473ae60c80692bdc39323e98b96a3f3d87ba6886b24dd0ef7ca1
  languageName: node
  linkType: hard

"@floating-ui/core@npm:^1.7.3":
  version: 1.7.3
  resolution: "@floating-ui/core@npm:1.7.3"
  dependencies:
    "@floating-ui/utils": "npm:^0.2.10"
  checksum: 10c0/edfc23800122d81df0df0fb780b7328ae6c5f00efbb55bd48ea340f4af8c5b3b121ceb4bb81220966ab0f87b443204d37105abdd93d94846468be3243984144c
  languageName: node
  linkType: hard

"@floating-ui/dom@npm:^1.7.4":
  version: 1.7.4
  resolution: "@floating-ui/dom@npm:1.7.4"
  dependencies:
    "@floating-ui/core": "npm:^1.7.3"
    "@floating-ui/utils": "npm:^0.2.10"
  checksum: 10c0/da6166c25f9b0729caa9f498685a73a0e28251613b35d27db8de8014bc9d045158a23c092b405321a3d67c2064909b6e2a7e6c1c9cc0f62967dca5779f5aef30
  languageName: node
  linkType: hard

"@floating-ui/react-dom@npm:^2.1.2":
  version: 2.1.6
  resolution: "@floating-ui/react-dom@npm:2.1.6"
  dependencies:
    "@floating-ui/dom": "npm:^1.7.4"
  peerDependencies:
    react: ">=16.8.0"
    react-dom: ">=16.8.0"
  checksum: 10c0/6654834a8e73ecbdbc6cad2ad8f7abc698ac7c1800ded4d61113525c591c03d2e3b59d3cf9205859221465ea38c87af4f9e6e204703c5b7a7e85332d1eef2e18
  languageName: node
  linkType: hard

"@floating-ui/react@npm:^0.26.16":
  version: 0.26.28
  resolution: "@floating-ui/react@npm:0.26.28"
  dependencies:
    "@floating-ui/react-dom": "npm:^2.1.2"
    "@floating-ui/utils": "npm:^0.2.8"
    tabbable: "npm:^6.0.0"
  peerDependencies:
    react: ">=16.8.0"
    react-dom: ">=16.8.0"
  checksum: 10c0/a42df129e1e976fe8ba3f4c8efdda265a0196c1b66b83f2b9b27423d08dcc765406f893aeff9d830e70e3f14a9d4c490867eb4c32983317cbaa33863b0fae6f6
  languageName: node
  linkType: hard

"@floating-ui/utils@npm:^0.2.10, @floating-ui/utils@npm:^0.2.8":
  version: 0.2.10
  resolution: "@floating-ui/utils@npm:0.2.10"
  checksum: 10c0/e9bc2a1730ede1ee25843937e911ab6e846a733a4488623cd353f94721b05ec2c9ec6437613a2ac9379a94c2fd40c797a2ba6fa1df2716f5ce4aa6ddb1cf9ea4
  languageName: node
  linkType: hard

"@headlessui/react@npm:^2.2.9":
  version: 2.2.9
  resolution: "@headlessui/react@npm:2.2.9"
  dependencies:
    "@floating-ui/react": "npm:^0.26.16"
    "@react-aria/focus": "npm:^3.20.2"
    "@react-aria/interactions": "npm:^3.25.0"
    "@tanstack/react-virtual": "npm:^3.13.9"
    use-sync-external-store: "npm:^1.5.0"
  peerDependencies:
    react: ^18 || ^19 || ^19.0.0-rc
    react-dom: ^18 || ^19 || ^19.0.0-rc
  checksum: 10c0/a1bc4c473d4f58757e2bbc3b4302704030d9d56427a101bbe698b33b6b379885dd0177e5c0862d801117afa3b0a0b858be7685f1cfda5fb3ed3ede53eb24e987
  languageName: node
  linkType: hard

"@heroicons/react@npm:^2.2.0":
  version: 2.2.0
  resolution: "@heroicons/react@npm:2.2.0"
  peerDependencies:
    react: ">= 16 || ^19.0.0-rc"
  checksum: 10c0/f8d3cf689b56716339c91df3542f3948115042d1e70e6bc940a3f3e347c0bc78b56aa563917fbd7ce097fe2f38ebb21bffb0db39be914cbc545a754bddae9ab4
  languageName: node
  linkType: hard

"@img/colour@npm:^1.0.0":
  version: 1.0.0
  resolution: "@img/colour@npm:1.0.0"
  checksum: 10c0/02261719c1e0d7aa5a2d585981954f2ac126f0c432400aa1a01b925aa2c41417b7695da8544ee04fd29eba7ecea8eaf9b8bef06f19dc8faba78f94eeac40667d
  languageName: node
  linkType: hard

"@img/sharp-darwin-arm64@npm:0.34.5":
  version: 0.34.5
  resolution: "@img/sharp-darwin-arm64@npm:0.34.5"
  dependencies:
    "@img/sharp-libvips-darwin-arm64": "npm:1.2.4"
  dependenciesMeta:
    "@img/sharp-libvips-darwin-arm64":
      optional: true
  conditions: os=darwin & cpu=arm64
  languageName: node
  linkType: hard

"@img/sharp-darwin-x64@npm:0.34.5":
  version: 0.34.5
  resolution: "@img/sharp-darwin-x64@npm:0.34.5"
  dependencies:
    "@img/sharp-libvips-darwin-x64": "npm:1.2.4"
  dependenciesMeta:
    "@img/sharp-libvips-darwin-x64":
      optional: true
  conditions: os=darwin & cpu=x64
  languageName: node
  linkType: hard

"@img/sharp-libvips-darwin-arm64@npm:1.2.4":
  version: 1.2.4
  resolution: "@img/sharp-libvips-darwin-arm64@npm:1.2.4"
  conditions: os=darwin & cpu=arm64
  languageName: node
  linkType: hard

"@img/sharp-libvips-darwin-x64@npm:1.2.4":
  version: 1.2.4
  resolution: "@img/sharp-libvips-darwin-x64@npm:1.2.4"
  conditions: os=darwin & cpu=x64
  languageName: node
  linkType: hard

"@img/sharp-libvips-linux-arm64@npm:1.2.4":
  version: 1.2.4
  resolution: "@img/sharp-libvips-linux-arm64@npm:1.2.4"
  conditions: os=linux & cpu=arm64 & libc=glibc
  languageName: node
  linkType: hard

"@img/sharp-libvips-linux-arm@npm:1.2.4":
  version: 1.2.4
  resolution: "@img/sharp-libvips-linux-arm@npm:1.2.4"
  conditions: os=linux & cpu=arm & libc=glibc
  languageName: node
  linkType: hard

"@img/sharp-libvips-linux-ppc64@npm:1.2.4":
  version: 1.2.4
  resolution: "@img/sharp-libvips-linux-ppc64@npm:1.2.4"
  conditions: os=linux & cpu=ppc64 & libc=glibc
  languageName: node
  linkType: hard

"@img/sharp-libvips-linux-riscv64@npm:1.2.4":
  version: 1.2.4
  resolution: "@img/sharp-libvips-linux-riscv64@npm:1.2.4"
  conditions: os=linux & cpu=riscv64 & libc=glibc
  languageName: node
  linkType: hard

"@img/sharp-libvips-linux-s390x@npm:1.2.4":
  version: 1.2.4
  resolution: "@img/sharp-libvips-linux-s390x@npm:1.2.4"
  conditions: os=linux & cpu=s390x & libc=glibc
  languageName: node
  linkType: hard

"@img/sharp-libvips-linux-x64@npm:1.2.4":
  version: 1.2.4
  resolution: "@img/sharp-libvips-linux-x64@npm:1.2.4"
  conditions: os=linux & cpu=x64 & libc=glibc
  languageName: node
  linkType: hard

"@img/sharp-libvips-linuxmusl-arm64@npm:1.2.4":
  version: 1.2.4
  resolution: "@img/sharp-libvips-linuxmusl-arm64@npm:1.2.4"
  conditions: os=linux & cpu=arm64 & libc=musl
  languageName: node
  linkType: hard

"@img/sharp-libvips-linuxmusl-x64@npm:1.2.4":
  version: 1.2.4
  resolution: "@img/sharp-libvips-linuxmusl-x64@npm:1.2.4"
  conditions: os=linux & cpu=x64 & libc=musl
  languageName: node
  linkType: hard

"@img/sharp-linux-arm64@npm:0.34.5":
  version: 0.34.5
  resolution: "@img/sharp-linux-arm64@npm:0.34.5"
  dependencies:
    "@img/sharp-libvips-linux-arm64": "npm:1.2.4"
  dependenciesMeta:
    "@img/sharp-libvips-linux-arm64":
      optional: true
  conditions: os=linux & cpu=arm64 & libc=glibc
  languageName: node
  linkType: hard

"@img/sharp-linux-arm@npm:0.34.5":
  version: 0.34.5
  resolution: "@img/sharp-linux-arm@npm:0.34.5"
  dependencies:
    "@img/sharp-libvips-linux-arm": "npm:1.2.4"
  dependenciesMeta:
    "@img/sharp-libvips-linux-arm":
      optional: true
  conditions: os=linux & cpu=arm & libc=glibc
  languageName: node
  linkType: hard

"@img/sharp-linux-ppc64@npm:0.34.5":
  version: 0.34.5
  resolution: "@img/sharp-linux-ppc64@npm:0.34.5"
  dependencies:
    "@img/sharp-libvips-linux-ppc64": "npm:1.2.4"
  dependenciesMeta:
    "@img/sharp-libvips-linux-ppc64":
      optional: true
  conditions: os=linux & cpu=ppc64 & libc=glibc
  languageName: node
  linkType: hard

"@img/sharp-linux-riscv64@npm:0.34.5":
  version: 0.34.5
  resolution: "@img/sharp-linux-riscv64@npm:0.34.5"
  dependencies:
    "@img/sharp-libvips-linux-riscv64": "npm:1.2.4"
  dependenciesMeta:
    "@img/sharp-libvips-linux-riscv64":
      optional: true
  conditions: os=linux & cpu=riscv64 & libc=glibc
  languageName: node
  linkType: hard

"@img/sharp-linux-s390x@npm:0.34.5":
  version: 0.34.5
  resolution: "@img/sharp-linux-s390x@npm:0.34.5"
  dependencies:
    "@img/sharp-libvips-linux-s390x": "npm:1.2.4"
  dependenciesMeta:
    "@img/sharp-libvips-linux-s390x":
      optional: true
  conditions: os=linux & cpu=s390x & libc=glibc
  languageName: node
  linkType: hard

"@img/sharp-linux-x64@npm:0.34.5":
  version: 0.34.5
  resolution: "@img/sharp-linux-x64@npm:0.34.5"
  dependencies:
    "@img/sharp-libvips-linux-x64": "npm:1.2.4"
  dependenciesMeta:
    "@img/sharp-libvips-linux-x64":
      optional: true
  conditions: os=linux & cpu=x64 & libc=glibc
  languageName: node
  linkType: hard

"@img/sharp-linuxmusl-arm64@npm:0.34.5":
  version: 0.34.5
  resolution: "@img/sharp-linuxmusl-arm64@npm:0.34.5"
  dependencies:
    "@img/sharp-libvips-linuxmusl-arm64": "npm:1.2.4"
  dependenciesMeta:
    "@img/sharp-libvips-linuxmusl-arm64":
      optional: true
  conditions: os=linux & cpu=arm64 & libc=musl
  languageName: node
  linkType: hard

"@img/sharp-linuxmusl-x64@npm:0.34.5":
  version: 0.34.5
  resolution: "@img/sharp-linuxmusl-x64@npm:0.34.5"
  dependencies:
    "@img/sharp-libvips-linuxmusl-x64": "npm:1.2.4"
  dependenciesMeta:
    "@img/sharp-libvips-linuxmusl-x64":
      optional: true
  conditions: os=linux & cpu=x64 & libc=musl
  languageName: node
  linkType: hard

"@img/sharp-wasm32@npm:0.34.5":
  version: 0.34.5
  resolution: "@img/sharp-wasm32@npm:0.34.5"
  dependencies:
    "@emnapi/runtime": "npm:^1.7.0"
  conditions: cpu=wasm32
  languageName: node
  linkType: hard

"@img/sharp-win32-arm64@npm:0.34.5":
  version: 0.34.5
  resolution: "@img/sharp-win32-arm64@npm:0.34.5"
  conditions: os=win32 & cpu=arm64
  languageName: node
  linkType: hard

"@img/sharp-win32-ia32@npm:0.34.5":
  version: 0.34.5
  resolution: "@img/sharp-win32-ia32@npm:0.34.5"
  conditions: os=win32 & cpu=ia32
  languageName: node
  linkType: hard

"@img/sharp-win32-x64@npm:0.34.5":
  version: 0.34.5
  resolution: "@img/sharp-win32-x64@npm:0.34.5"
  conditions: os=win32 & cpu=x64
  languageName: node
  linkType: hard

"@jridgewell/gen-mapping@npm:^0.3.5":
  version: 0.3.13
  resolution: "@jridgewell/gen-mapping@npm:0.3.13"
  dependencies:
    "@jridgewell/sourcemap-codec": "npm:^1.5.0"
    "@jridgewell/trace-mapping": "npm:^0.3.24"
  checksum: 10c0/9a7d65fb13bd9aec1fbab74cda08496839b7e2ceb31f5ab922b323e94d7c481ce0fc4fd7e12e2610915ed8af51178bdc61e168e92a8c8b8303b030b03489b13b
  languageName: node
  linkType: hard

"@jridgewell/remapping@npm:^2.3.4":
  version: 2.3.5
  resolution: "@jridgewell/remapping@npm:2.3.5"
  dependencies:
    "@jridgewell/gen-mapping": "npm:^0.3.5"
    "@jridgewell/trace-mapping": "npm:^0.3.24"
  checksum: 10c0/3de494219ffeb2c5c38711d0d7bb128097edf91893090a2dbc8ee0b55d092bb7347b1fd0f478486c5eab010e855c73927b1666f2107516d472d24a73017d1194
  languageName: node
  linkType: hard

"@jridgewell/resolve-uri@npm:^3.1.0":
  version: 3.1.2
  resolution: "@jridgewell/resolve-uri@npm:3.1.2"
  checksum: 10c0/d502e6fb516b35032331406d4e962c21fe77cdf1cbdb49c6142bcbd9e30507094b18972778a6e27cbad756209cfe34b1a27729e6fa08a2eb92b33943f680cf1e
  languageName: node
  linkType: hard

"@jridgewell/sourcemap-codec@npm:^1.4.14, @jridgewell/sourcemap-codec@npm:^1.5.0, @jridgewell/sourcemap-codec@npm:^1.5.5":
  version: 1.5.5
  resolution: "@jridgewell/sourcemap-codec@npm:1.5.5"
  checksum: 10c0/f9e538f302b63c0ebc06eecb1dd9918dd4289ed36147a0ddce35d6ea4d7ebbda243cda7b2213b6a5e1d8087a298d5cf630fb2bd39329cdecb82017023f6081a0
  languageName: node
  linkType: hard

"@jridgewell/trace-mapping@npm:^0.3.24":
  version: 0.3.31
  resolution: "@jridgewell/trace-mapping@npm:0.3.31"
  dependencies:
    "@jridgewell/resolve-uri": "npm:^3.1.0"
    "@jridgewell/sourcemap-codec": "npm:^1.4.14"
  checksum: 10c0/4b30ec8cd56c5fd9a661f088230af01e0c1a3888d11ffb6b47639700f71225be21d1f7e168048d6d4f9449207b978a235c07c8f15c07705685d16dc06280e9d9
  languageName: node
  linkType: hard

"@napi-rs/wasm-runtime@npm:^1.1.0":
  version: 1.1.1
  resolution: "@napi-rs/wasm-runtime@npm:1.1.1"
  dependencies:
    "@emnapi/core": "npm:^1.7.1"
    "@emnapi/runtime": "npm:^1.7.1"
    "@tybys/wasm-util": "npm:^0.10.1"
  checksum: 10c0/04d57b67e80736e41fe44674a011878db0a8ad893f4d44abb9d3608debb7c174224cba2796ed5b0c1d367368159f3ca6be45f1c59222f70e32ddc880f803d447
  languageName: node
  linkType: hard

"@next/env@npm:16.0.0-beta.0":
  version: 16.0.0-beta.0
  resolution: "@next/env@npm:16.0.0-beta.0"
  checksum: 10c0/2fd903dca16aa8a8eb511aeaee887f439aadc7e48103b11bd8e29b7c9b84caf526325bc5ead0fd08607a1cf0a25109e0286ed4d6d7851aa72cb908261aef6844
  languageName: node
  linkType: hard

"@next/swc-darwin-arm64@npm:16.0.0-beta.0":
  version: 16.0.0-beta.0
  resolution: "@next/swc-darwin-arm64@npm:16.0.0-beta.0"
  conditions: os=darwin & cpu=arm64
  languageName: node
  linkType: hard

"@next/swc-darwin-x64@npm:16.0.0-beta.0":
  version: 16.0.0-beta.0
  resolution: "@next/swc-darwin-x64@npm:16.0.0-beta.0"
  conditions: os=darwin & cpu=x64
  languageName: node
  linkType: hard

"@next/swc-linux-arm64-gnu@npm:16.0.0-beta.0":
  version: 16.0.0-beta.0
  resolution: "@next/swc-linux-arm64-gnu@npm:16.0.0-beta.0"
  conditions: os=linux & cpu=arm64 & libc=glibc
  languageName: node
  linkType: hard

"@next/swc-linux-arm64-musl@npm:16.0.0-beta.0":
  version: 16.0.0-beta.0
  resolution: "@next/swc-linux-arm64-musl@npm:16.0.0-beta.0"
  conditions: os=linux & cpu=arm64 & libc=musl
  languageName: node
  linkType: hard

"@next/swc-linux-x64-gnu@npm:16.0.0-beta.0":
  version: 16.0.0-beta.0
  resolution: "@next/swc-linux-x64-gnu@npm:16.0.0-beta.0"
  conditions: os=linux & cpu=x64 & libc=glibc
  languageName: node
  linkType: hard

"@next/swc-linux-x64-musl@npm:16.0.0-beta.0":
  version: 16.0.0-beta.0
  resolution: "@next/swc-linux-x64-musl@npm:16.0.0-beta.0"
  conditions: os=linux & cpu=x64 & libc=musl
  languageName: node
  linkType: hard

"@next/swc-win32-arm64-msvc@npm:16.0.0-beta.0":
  version: 16.0.0-beta.0
  resolution: "@next/swc-win32-arm64-msvc@npm:16.0.0-beta.0"
  conditions: os=win32 & cpu=arm64
  languageName: node
  linkType: hard

"@next/swc-win32-x64-msvc@npm:16.0.0-beta.0":
  version: 16.0.0-beta.0
  resolution: "@next/swc-win32-x64-msvc@npm:16.0.0-beta.0"
  conditions: os=win32 & cpu=x64
  languageName: node
  linkType: hard

"@react-aria/focus@npm:^3.20.2":
  version: 3.21.3
  resolution: "@react-aria/focus@npm:3.21.3"
  dependencies:
    "@react-aria/interactions": "npm:^3.26.0"
    "@react-aria/utils": "npm:^3.32.0"
    "@react-types/shared": "npm:^3.32.1"
    "@swc/helpers": "npm:^0.5.0"
    clsx: "npm:^2.0.0"
  peerDependencies:
    react: ^16.8.0 || ^17.0.0-rc.1 || ^18.0.0 || ^19.0.0-rc.1
    react-dom: ^16.8.0 || ^17.0.0-rc.1 || ^18.0.0 || ^19.0.0-rc.1
  checksum: 10c0/c1169f2047908dd2641439ed49b51d1482df00514f5adc569d73727bc6375150198dd1b6e345a79fc31f3571d7d09549743ba2e6b3168ed8d6a554708d48fa9b
  languageName: node
  linkType: hard

"@react-aria/interactions@npm:^3.25.0, @react-aria/interactions@npm:^3.26.0":
  version: 3.26.0
  resolution: "@react-aria/interactions@npm:3.26.0"
  dependencies:
    "@react-aria/ssr": "npm:^3.9.10"
    "@react-aria/utils": "npm:^3.32.0"
    "@react-stately/flags": "npm:^3.1.2"
    "@react-types/shared": "npm:^3.32.1"
    "@swc/helpers": "npm:^0.5.0"
  peerDependencies:
    react: ^16.8.0 || ^17.0.0-rc.1 || ^18.0.0 || ^19.0.0-rc.1
    react-dom: ^16.8.0 || ^17.0.0-rc.1 || ^18.0.0 || ^19.0.0-rc.1
  checksum: 10c0/542044d08c02aec337ceda1ed55e5b01f6fa3e76c930b0063bc4a2146102d39659df81570912b7bef4782e268c08bbfdca82a44df413ec8ce8f1bdf930e97051
  languageName: node
  linkType: hard

"@react-aria/ssr@npm:^3.9.10":
  version: 3.9.10
  resolution: "@react-aria/ssr@npm:3.9.10"
  dependencies:
    "@swc/helpers": "npm:^0.5.0"
  peerDependencies:
    react: ^16.8.0 || ^17.0.0-rc.1 || ^18.0.0 || ^19.0.0-rc.1
  checksum: 10c0/44acb4c441d9c5d65aab94aa81fd8368413cf2958ab458582296dd78f6ba4783583f2311fa986120060e5c26b54b1f01e8910ffd17e4f41ccc5fc8c357d84089
  languageName: node
  linkType: hard

"@react-aria/utils@npm:^3.32.0":
  version: 3.32.0
  resolution: "@react-aria/utils@npm:3.32.0"
  dependencies:
    "@react-aria/ssr": "npm:^3.9.10"
    "@react-stately/flags": "npm:^3.1.2"
    "@react-stately/utils": "npm:^3.11.0"
    "@react-types/shared": "npm:^3.32.1"
    "@swc/helpers": "npm:^0.5.0"
    clsx: "npm:^2.0.0"
  peerDependencies:
    react: ^16.8.0 || ^17.0.0-rc.1 || ^18.0.0 || ^19.0.0-rc.1
    react-dom: ^16.8.0 || ^17.0.0-rc.1 || ^18.0.0 || ^19.0.0-rc.1
  checksum: 10c0/10fd9b162f8c752bf70070f5e091eaf3bd2c163b0a86e1f29c306c766b6b1acbbefa85c1ed6c28973b858afeafd638faa783361440c679890698c3d78bb50121
  languageName: node
  linkType: hard

"@react-stately/flags@npm:^3.1.2":
  version: 3.1.2
  resolution: "@react-stately/flags@npm:3.1.2"
  dependencies:
    "@swc/helpers": "npm:^0.5.0"
  checksum: 10c0/d86890ce662f04c7d8984e9560527f46c9779b97757abded9e1bf7e230a6900a0ea7a3e7c22534de8d2ff278abae194e4e4ad962d710f3b04c52a4e1011c2e5b
  languageName: node
  linkType: hard

"@react-stately/utils@npm:^3.11.0":
  version: 3.11.0
  resolution: "@react-stately/utils@npm:3.11.0"
  dependencies:
    "@swc/helpers": "npm:^0.5.0"
  peerDependencies:
    react: ^16.8.0 || ^17.0.0-rc.1 || ^18.0.0 || ^19.0.0-rc.1
  checksum: 10c0/09b38438df19fd8ff14d3147b2f9e5d42869b3ee637b0e33d6f2ab5cba93612e640c6de339b766b8c825d7bef828851fd551d5a197a037eb1331913546b8516c
  languageName: node
  linkType: hard

"@react-types/shared@npm:^3.32.1":
  version: 3.32.1
  resolution: "@react-types/shared@npm:3.32.1"
  peerDependencies:
    react: ^16.8.0 || ^17.0.0-rc.1 || ^18.0.0 || ^19.0.0-rc.1
  checksum: 10c0/0a67a34e791c598c5819beb9aa5c11e67db06c9fccc9c5304453147b877fdfc7e73d520e92fcdde8b743e2f155b4cb6a50a15792001a776151191af73d60e24c
  languageName: node
  linkType: hard

"@swc/helpers@npm:0.5.15":
  version: 0.5.15
  resolution: "@swc/helpers@npm:0.5.15"
  dependencies:
    tslib: "npm:^2.8.0"
  checksum: 10c0/33002f74f6f885f04c132960835fdfc474186983ea567606db62e86acd0680ca82f34647e8e610f4e1e422d1c16fce729dde22cd3b797ab1fd9061a825dabca4
  languageName: node
  linkType: hard

"@swc/helpers@npm:^0.5.0":
  version: 0.5.18
  resolution: "@swc/helpers@npm:0.5.18"
  dependencies:
    tslib: "npm:^2.8.0"
  checksum: 10c0/cb32d72e32f775c30287bffbcf61c89ea3a963608cb3a4a675a3f9af545b8b3ab0bc9930432a5520a7307daaa87538158e253584ae1cf39f3e7e6e83408a2d51
  languageName: node
  linkType: hard

"@tailwindcss/node@npm:4.1.18":
  version: 4.1.18
  resolution: "@tailwindcss/node@npm:4.1.18"
  dependencies:
    "@jridgewell/remapping": "npm:^2.3.4"
    enhanced-resolve: "npm:^5.18.3"
    jiti: "npm:^2.6.1"
    lightningcss: "npm:1.30.2"
    magic-string: "npm:^0.30.21"
    source-map-js: "npm:^1.2.1"
    tailwindcss: "npm:4.1.18"
  checksum: 10c0/0527f4cb602a80413a7f135edc9a9c785edd543cceedd046ed2401d4c35c1ec433d5162c325d31ee7248f3560a709dafe30a50c1406662f28a2b3aaeb21f69fe
  languageName: node
  linkType: hard

"@tailwindcss/oxide-android-arm64@npm:4.1.18":
  version: 4.1.18
  resolution: "@tailwindcss/oxide-android-arm64@npm:4.1.18"
  conditions: os=android & cpu=arm64
  languageName: node
  linkType: hard

"@tailwindcss/oxide-darwin-arm64@npm:4.1.18":
  version: 4.1.18
  resolution: "@tailwindcss/oxide-darwin-arm64@npm:4.1.18"
  conditions: os=darwin & cpu=arm64
  languageName: node
  linkType: hard

"@tailwindcss/oxide-darwin-x64@npm:4.1.18":
  version: 4.1.18
  resolution: "@tailwindcss/oxide-darwin-x64@npm:4.1.18"
  conditions: os=darwin & cpu=x64
  languageName: node
  linkType: hard

"@tailwindcss/oxide-freebsd-x64@npm:4.1.18":
  version: 4.1.18
  resolution: "@tailwindcss/oxide-freebsd-x64@npm:4.1.18"
  conditions: os=freebsd & cpu=x64
  languageName: node
  linkType: hard

"@tailwindcss/oxide-linux-arm-gnueabihf@npm:4.1.18":
  version: 4.1.18
  resolution: "@tailwindcss/oxide-linux-arm-gnueabihf@npm:4.1.18"
  conditions: os=linux & cpu=arm
  languageName: node
  linkType: hard

"@tailwindcss/oxide-linux-arm64-gnu@npm:4.1.18":
  version: 4.1.18
  resolution: "@tailwindcss/oxide-linux-arm64-gnu@npm:4.1.18"
  conditions: os=linux & cpu=arm64 & libc=glibc
  languageName: node
  linkType: hard

"@tailwindcss/oxide-linux-arm64-musl@npm:4.1.18":
  version: 4.1.18
  resolution: "@tailwindcss/oxide-linux-arm64-musl@npm:4.1.18"
  conditions: os=linux & cpu=arm64 & libc=musl
  languageName: node
  linkType: hard

"@tailwindcss/oxide-linux-x64-gnu@npm:4.1.18":
  version: 4.1.18
  resolution: "@tailwindcss/oxide-linux-x64-gnu@npm:4.1.18"
  conditions: os=linux & cpu=x64 & libc=glibc
  languageName: node
  linkType: hard

"@tailwindcss/oxide-linux-x64-musl@npm:4.1.18":
  version: 4.1.18
  resolution: "@tailwindcss/oxide-linux-x64-musl@npm:4.1.18"
  conditions: os=linux & cpu=x64 & libc=musl
  languageName: node
  linkType: hard

"@tailwindcss/oxide-wasm32-wasi@npm:4.1.18":
  version: 4.1.18
  resolution: "@tailwindcss/oxide-wasm32-wasi@npm:4.1.18"
  dependencies:
    "@emnapi/core": "npm:^1.7.1"
    "@emnapi/runtime": "npm:^1.7.1"
    "@emnapi/wasi-threads": "npm:^1.1.0"
    "@napi-rs/wasm-runtime": "npm:^1.1.0"
    "@tybys/wasm-util": "npm:^0.10.1"
    tslib: "npm:^2.4.0"
  conditions: cpu=wasm32
  languageName: node
  linkType: hard

"@tailwindcss/oxide-win32-arm64-msvc@npm:4.1.18":
  version: 4.1.18
  resolution: "@tailwindcss/oxide-win32-arm64-msvc@npm:4.1.18"
  conditions: os=win32 & cpu=arm64
  languageName: node
  linkType: hard

"@tailwindcss/oxide-win32-x64-msvc@npm:4.1.18":
  version: 4.1.18
  resolution: "@tailwindcss/oxide-win32-x64-msvc@npm:4.1.18"
  conditions: os=win32 & cpu=x64
  languageName: node
  linkType: hard

"@tailwindcss/oxide@npm:4.1.18":
  version: 4.1.18
  resolution: "@tailwindcss/oxide@npm:4.1.18"
  dependencies:
    "@tailwindcss/oxide-android-arm64": "npm:4.1.18"
    "@tailwindcss/oxide-darwin-arm64": "npm:4.1.18"
    "@tailwindcss/oxide-darwin-x64": "npm:4.1.18"
    "@tailwindcss/oxide-freebsd-x64": "npm:4.1.18"
    "@tailwindcss/oxide-linux-arm-gnueabihf": "npm:4.1.18"
    "@tailwindcss/oxide-linux-arm64-gnu": "npm:4.1.18"
    "@tailwindcss/oxide-linux-arm64-musl": "npm:4.1.18"
    "@tailwindcss/oxide-linux-x64-gnu": "npm:4.1.18"
    "@tailwindcss/oxide-linux-x64-musl": "npm:4.1.18"
    "@tailwindcss/oxide-wasm32-wasi": "npm:4.1.18"
    "@tailwindcss/oxide-win32-arm64-msvc": "npm:4.1.18"
    "@tailwindcss/oxide-win32-x64-msvc": "npm:4.1.18"
  dependenciesMeta:
    "@tailwindcss/oxide-android-arm64":
      optional: true
    "@tailwindcss/oxide-darwin-arm64":
      optional: true
    "@tailwindcss/oxide-darwin-x64":
      optional: true
    "@tailwindcss/oxide-freebsd-x64":
      optional: true
    "@tailwindcss/oxide-linux-arm-gnueabihf":
      optional: true
    "@tailwindcss/oxide-linux-arm64-gnu":
      optional: true
    "@tailwindcss/oxide-linux-arm64-musl":
      optional: true
    "@tailwindcss/oxide-linux-x64-gnu":
      optional: true
    "@tailwindcss/oxide-linux-x64-musl":
      optional: true
    "@tailwindcss/oxide-wasm32-wasi":
      optional: true
    "@tailwindcss/oxide-win32-arm64-msvc":
      optional: true
    "@tailwindcss/oxide-win32-x64-msvc":
      optional: true
  checksum: 10c0/1ff978ef24ffae6369e0468bd8c71d1995a00f1697ac1b8f24e92d2d5505ae23534e6257194e78360c16abbe34fc70de508c86d589917336067a60d755b86fcb
  languageName: node
  linkType: hard

"@tailwindcss/postcss@npm:^4.1.18":
  version: 4.1.18
  resolution: "@tailwindcss/postcss@npm:4.1.18"
  dependencies:
    "@alloc/quick-lru": "npm:^5.2.0"
    "@tailwindcss/node": "npm:4.1.18"
    "@tailwindcss/oxide": "npm:4.1.18"
    postcss: "npm:^8.4.41"
    tailwindcss: "npm:4.1.18"
  checksum: 10c0/230d29ca8103c77113803bab1ac0209ad5102a8f5228ade5fe3fbc295e185e9d443416ac9802798e054b0c1ca3c5fa00a907b04d24fb8670b6f795a6d0ac1390
  languageName: node
  linkType: hard

"@tanstack/react-virtual@npm:^3.13.9":
  version: 3.13.18
  resolution: "@tanstack/react-virtual@npm:3.13.18"
  dependencies:
    "@tanstack/virtual-core": "npm:3.13.18"
  peerDependencies:
    react: ^16.8.0 || ^17.0.0 || ^18.0.0 || ^19.0.0
    react-dom: ^16.8.0 || ^17.0.0 || ^18.0.0 || ^19.0.0
  checksum: 10c0/600fabdf9fe077d609dad5114025c502aa1125d21bfd64ae4eeeab4743de1c76ca0d5c29ca4cba0c1220834a9dfedbe0c7304276b0e0e7f9048e2c8a5562fa26
  languageName: node
  linkType: hard

"@tanstack/virtual-core@npm:3.13.18":
  version: 3.13.18
  resolution: "@tanstack/virtual-core@npm:3.13.18"
  checksum: 10c0/f43a92bbe4e891242a6bb5274ee60b166534abfcd5115cbe7f92f833e745941ac3b8cb808dd0537cbf1e0c5004aacd2d2cab4a1ce738f7930ec723566e37ec11
  languageName: node
  linkType: hard

"@tybys/wasm-util@npm:^0.10.1":
  version: 0.10.1
  resolution: "@tybys/wasm-util@npm:0.10.1"
  dependencies:
    tslib: "npm:^2.4.0"
  checksum: 10c0/b255094f293794c6d2289300c5fbcafbb5532a3aed3a5ffd2f8dc1828e639b88d75f6a376dd8f94347a44813fd7a7149d8463477a9a49525c8b2dcaa38c2d1e8
  languageName: node
  linkType: hard

"@types/node@npm:25.0.9":
  version: 25.0.9
  resolution: "@types/node@npm:25.0.9"
  dependencies:
    undici-types: "npm:~7.16.0"
  checksum: 10c0/a757efafe303d9c8833eb53c2e9a0981cd5ac725cdc04c5612a71db86468c938778d4fa328be4231b68fffc68258638764df7b9c69e86cf55f0bb67105eb056f
  languageName: node
  linkType: hard

"@types/react@npm:19.2.8":
  version: 19.2.8
  resolution: "@types/react@npm:19.2.8"
  dependencies:
    csstype: "npm:^3.2.2"
  checksum: 10c0/832834998c4ee971fca72ecf1eb95dc924ad3931a2112c687a4dae498aabd115c5fa4db09186853e34a646226b0223808c8f867df03d17601168f9cf119448de
  languageName: node
  linkType: hard

"@upstash/redis@npm:^1.34.0":
  version: 1.36.1
  resolution: "@upstash/redis@npm:1.36.1"
  dependencies:
    uncrypto: "npm:^0.1.3"
  checksum: 10c0/deab614ee90940240988e8ffc4f06e5ac7953aa1e92473dcdede6667f52079919bae010037a295d242ce6c815fea8754f04d6b921be7a967747cabb52c61fb95
  languageName: node
  linkType: hard

"@vercel/kv@npm:^3.0.0":
  version: 3.0.0
  resolution: "@vercel/kv@npm:3.0.0"
  dependencies:
    "@upstash/redis": "npm:^1.34.0"
  checksum: 10c0/55c0e197967c21161ba7bbee02be821975d8e900f2ca3946c9bfaefa1cb5ce94f9ce04aef07aca027c8c39a5ab2e9a2b54edc5c6b617c994d2a8fddfd9d55dc8
  languageName: node
  linkType: hard

"autoprefixer@npm:^10.4.23":
  version: 10.4.23
  resolution: "autoprefixer@npm:10.4.23"
  dependencies:
    browserslist: "npm:^4.28.1"
    caniuse-lite: "npm:^1.0.30001760"
    fraction.js: "npm:^5.3.4"
    picocolors: "npm:^1.1.1"
    postcss-value-parser: "npm:^4.2.0"
  peerDependencies:
    postcss: ^8.1.0
  bin:
    autoprefixer: bin/autoprefixer
  checksum: 10c0/3765c5d0fa3e95fb2ebe9d5a6d4da0156f5d346c7ec9ac0fbf5c97c8139d0ca1e8743bf5dc1b4aa954467be6929fddf8498a3b6202d468d70b5f359f3b6af90f
  languageName: node
  linkType: hard

"baseline-browser-mapping@npm:^2.9.0":
  version: 2.9.15
  resolution: "baseline-browser-mapping@npm:2.9.15"
  bin:
    baseline-browser-mapping: dist/cli.js
  checksum: 10c0/e5c8cb8600fcbed8132f122b737b00b5b3fcf25a119ea5e42476e6d6b2263274ddc5df16d4cffebbcd46974b691008558973b06100508903ea8a382a5edd34ab
  languageName: node
  linkType: hard

"browserslist@npm:^4.28.1":
  version: 4.28.1
  resolution: "browserslist@npm:4.28.1"
  dependencies:
    baseline-browser-mapping: "npm:^2.9.0"
    caniuse-lite: "npm:^1.0.30001759"
    electron-to-chromium: "npm:^1.5.263"
    node-releases: "npm:^2.0.27"
    update-browserslist-db: "npm:^1.2.0"
  bin:
    browserslist: cli.js
  checksum: 10c0/545a5fa9d7234e3777a7177ec1e9134bb2ba60a69e6b95683f6982b1473aad347c77c1264ccf2ac5dea609a9731fbfbda6b85782bdca70f80f86e28a402504bd
  languageName: node
  linkType: hard

"caniuse-lite@npm:^1.0.30001579, caniuse-lite@npm:^1.0.30001759, caniuse-lite@npm:^1.0.30001760":
  version: 1.0.30001765
  resolution: "caniuse-lite@npm:1.0.30001765"
  checksum: 10c0/2bab28b322ec040dde2b6f56019ffd1e0bbd719111e45f58cb0fb06a783812d8ba8df65755320fd253aa1926dffc7bf0864adc11f6b231ac2b3a5b8221199c29
  languageName: node
  linkType: hard

"client-only@npm:0.0.1":
  version: 0.0.1
  resolution: "client-only@npm:0.0.1"
  checksum: 10c0/9d6cfd0c19e1c96a434605added99dff48482152af791ec4172fb912a71cff9027ff174efd8cdb2160cc7f377543e0537ffc462d4f279bc4701de3f2a3c4b358
  languageName: node
  linkType: hard

"clsx@npm:^2.0.0, clsx@npm:^2.1.1":
  version: 2.1.1
  resolution: "clsx@npm:2.1.1"
  checksum: 10c0/c4c8eb865f8c82baab07e71bfa8897c73454881c4f99d6bc81585aecd7c441746c1399d08363dc096c550cceaf97bd4ce1e8854e1771e9998d9f94c4fe075839
  languageName: node
  linkType: hard

"csstype@npm:^3.2.2":
  version: 3.2.3
  resolution: "csstype@npm:3.2.3"
  checksum: 10c0/cd29c51e70fa822f1cecd8641a1445bed7063697469d35633b516e60fe8c1bde04b08f6c5b6022136bb669b64c63d4173af54864510fbb4ee23281801841a3ce
  languageName: node
  linkType: hard

"detect-libc@npm:^2.0.3, detect-libc@npm:^2.1.2":
  version: 2.1.2
  resolution: "detect-libc@npm:2.1.2"
  checksum: 10c0/acc675c29a5649fa1fb6e255f993b8ee829e510b6b56b0910666949c80c364738833417d0edb5f90e4e46be17228b0f2b66a010513984e18b15deeeac49369c4
  languageName: node
  linkType: hard

"dev-scheduler@workspace:.":
  version: 0.0.0-use.local
  resolution: "dev-scheduler@workspace:."
  dependencies:
    "@headlessui/react": "npm:^2.2.9"
    "@heroicons/react": "npm:^2.2.0"
    "@tailwindcss/postcss": "npm:^4.1.18"
    "@types/node": "npm:25.0.9"
    "@types/react": "npm:19.2.8"
    "@vercel/kv": "npm:^3.0.0"
    autoprefixer: "npm:^10.4.23"
    clsx: "npm:^2.1.1"
    next: "npm:16.0.0-beta.0"
    postcss: "npm:^8.5.6"
    react: "npm:^19.2.3"
    react-dom: "npm:^19.2.3"
    tailwindcss: "npm:^4.1.18"
    typescript: "npm:5.9.3"
  languageName: unknown
  linkType: soft

"electron-to-chromium@npm:^1.5.263":
  version: 1.5.267
  resolution: "electron-to-chromium@npm:1.5.267"
  checksum: 10c0/0732bdb891b657f2e43266a3db8cf86fff6cecdcc8d693a92beff214e136cb5c2ee7dc5945ed75fa1db16e16bad0c38695527a020d15f39e79084e0b2e447621
  languageName: node
  linkType: hard

"enhanced-resolve@npm:^5.18.3":
  version: 5.18.4
  resolution: "enhanced-resolve@npm:5.18.4"
  dependencies:
    graceful-fs: "npm:^4.2.4"
    tapable: "npm:^2.2.0"
  checksum: 10c0/8f6d42c8a0787a746c493e724c9de5d091cfe8e3f871f2464e2f78a6c55fa1a3aaba495334f923c8ea3ac23e1472491f79feef6fc0fb46a75169cb447ffbe2dc
  languageName: node
  linkType: hard

"escalade@npm:^3.2.0":
  version: 3.2.0
  resolution: "escalade@npm:3.2.0"
  checksum: 10c0/ced4dd3a78e15897ed3be74e635110bbf3b08877b0a41be50dcb325ee0e0b5f65fc2d50e9845194d7c4633f327e2e1c6cce00a71b617c5673df0374201d67f65
  languageName: node
  linkType: hard

"fraction.js@npm:^5.3.4":
  version: 5.3.4
  resolution: "fraction.js@npm:5.3.4"
  checksum: 10c0/f90079fe9bfc665e0a07079938e8ff71115bce9462f17b32fc283f163b0540ec34dc33df8ed41bb56f028316b04361b9a9995b9ee9258617f8338e0b05c5f95a
  languageName: node
  linkType: hard

"graceful-fs@npm:^4.2.4":
  version: 4.2.11
  resolution: "graceful-fs@npm:4.2.11"
  checksum: 10c0/386d011a553e02bc594ac2ca0bd6d9e4c22d7fa8cfbfc448a6d148c59ea881b092db9dbe3547ae4b88e55f1b01f7c4a2ecc53b310c042793e63aa44cf6c257f2
  languageName: node
  linkType: hard

"jiti@npm:^2.6.1":
  version: 2.6.1
  resolution: "jiti@npm:2.6.1"
  bin:
    jiti: lib/jiti-cli.mjs
  checksum: 10c0/79b2e96a8e623f66c1b703b98ec1b8be4500e1d217e09b09e343471bbb9c105381b83edbb979d01cef18318cc45ce6e153571b6c83122170eefa531c64b6789b
  languageName: node
  linkType: hard

"lightningcss-android-arm64@npm:1.30.2":
  version: 1.30.2
  resolution: "lightningcss-android-arm64@npm:1.30.2"
  conditions: os=android & cpu=arm64
  languageName: node
  linkType: hard

"lightningcss-darwin-arm64@npm:1.30.2":
  version: 1.30.2
  resolution: "lightningcss-darwin-arm64@npm:1.30.2"
  conditions: os=darwin & cpu=arm64
  languageName: node
  linkType: hard

"lightningcss-darwin-x64@npm:1.30.2":
  version: 1.30.2
  resolution: "lightningcss-darwin-x64@npm:1.30.2"
  conditions: os=darwin & cpu=x64
  languageName: node
  linkType: hard

"lightningcss-freebsd-x64@npm:1.30.2":
  version: 1.30.2
  resolution: "lightningcss-freebsd-x64@npm:1.30.2"
  conditions: os=freebsd & cpu=x64
  languageName: node
  linkType: hard

"lightningcss-linux-arm-gnueabihf@npm:1.30.2":
  version: 1.30.2
  resolution: "lightningcss-linux-arm-gnueabihf@npm:1.30.2"
  conditions: os=linux & cpu=arm
  languageName: node
  linkType: hard

"lightningcss-linux-arm64-gnu@npm:1.30.2":
  version: 1.30.2
  resolution: "lightningcss-linux-arm64-gnu@npm:1.30.2"
  conditions: os=linux & cpu=arm64 & libc=glibc
  languageName: node
  linkType: hard

"lightningcss-linux-arm64-musl@npm:1.30.2":
  version: 1.30.2
  resolution: "lightningcss-linux-arm64-musl@npm:1.30.2"
  conditions: os=linux & cpu=arm64 & libc=musl
  languageName: node
  linkType: hard

"lightningcss-linux-x64-gnu@npm:1.30.2":
  version: 1.30.2
  resolution: "lightningcss-linux-x64-gnu@npm:1.30.2"
  conditions: os=linux & cpu=x64 & libc=glibc
  languageName: node
  linkType: hard

"lightningcss-linux-x64-musl@npm:1.30.2":
  version: 1.30.2
  resolution: "lightningcss-linux-x64-musl@npm:1.30.2"
  conditions: os=linux & cpu=x64 & libc=musl
  languageName: node
  linkType: hard

"lightningcss-win32-arm64-msvc@npm:1.30.2":
  version: 1.30.2
  resolution: "lightningcss-win32-arm64-msvc@npm:1.30.2"
  conditions: os=win32 & cpu=arm64
  languageName: node
  linkType: hard

"lightningcss-win32-x64-msvc@npm:1.30.2":
  version: 1.30.2
  resolution: "lightningcss-win32-x64-msvc@npm:1.30.2"
  conditions: os=win32 & cpu=x64
  languageName: node
  linkType: hard

"lightningcss@npm:1.30.2":
  version: 1.30.2
  resolution: "lightningcss@npm:1.30.2"
  dependencies:
    detect-libc: "npm:^2.0.3"
    lightningcss-android-arm64: "npm:1.30.2"
    lightningcss-darwin-arm64: "npm:1.30.2"
    lightningcss-darwin-x64: "npm:1.30.2"
    lightningcss-freebsd-x64: "npm:1.30.2"
    lightningcss-linux-arm-gnueabihf: "npm:1.30.2"
    lightningcss-linux-arm64-gnu: "npm:1.30.2"
    lightningcss-linux-arm64-musl: "npm:1.30.2"
    lightningcss-linux-x64-gnu: "npm:1.30.2"
    lightningcss-linux-x64-musl: "npm:1.30.2"
    lightningcss-win32-arm64-msvc: "npm:1.30.2"
    lightningcss-win32-x64-msvc: "npm:1.30.2"
  dependenciesMeta:
    lightningcss-android-arm64:
      optional: true
    lightningcss-darwin-arm64:
      optional: true
    lightningcss-darwin-x64:
      optional: true
    lightningcss-freebsd-x64:
      optional: true
    lightningcss-linux-arm-gnueabihf:
      optional: true
    lightningcss-linux-arm64-gnu:
      optional: true
    lightningcss-linux-arm64-musl:
      optional: true
    lightningcss-linux-x64-gnu:
      optional: true
    lightningcss-linux-x64-musl:
      optional: true
    lightningcss-win32-arm64-msvc:
      optional: true
    lightningcss-win32-x64-msvc:
      optional: true
  checksum: 10c0/5c0c73a33946dab65908d5cd1325df4efa290efb77f940b60f40448b5ab9a87d3ea665ef9bcf00df4209705050ecf2f7ecc649f44d6dfa5905bb50f15717e78d
  languageName: node
  linkType: hard

"magic-string@npm:^0.30.21":
  version: 0.30.21
  resolution: "magic-string@npm:0.30.21"
  dependencies:
    "@jridgewell/sourcemap-codec": "npm:^1.5.5"
  checksum: 10c0/299378e38f9a270069fc62358522ddfb44e94244baa0d6a8980ab2a9b2490a1d03b236b447eee309e17eb3bddfa482c61259d47960eb018a904f0ded52780c4a
  languageName: node
  linkType: hard

"nanoid@npm:^3.3.11, nanoid@npm:^3.3.6":
  version: 3.3.11
  resolution: "nanoid@npm:3.3.11"
  bin:
    nanoid: bin/nanoid.cjs
  checksum: 10c0/40e7f70b3d15f725ca072dfc4f74e81fcf1fbb02e491cf58ac0c79093adc9b0a73b152bcde57df4b79cd097e13023d7504acb38404a4da7bc1cd8e887b82fe0b
  languageName: node
  linkType: hard

"next@npm:16.0.0-beta.0":
  version: 16.0.0-beta.0
  resolution: "next@npm:16.0.0-beta.0"
  dependencies:
    "@next/env": "npm:16.0.0-beta.0"
    "@next/swc-darwin-arm64": "npm:16.0.0-beta.0"
    "@next/swc-darwin-x64": "npm:16.0.0-beta.0"
    "@next/swc-linux-arm64-gnu": "npm:16.0.0-beta.0"
    "@next/swc-linux-arm64-musl": "npm:16.0.0-beta.0"
    "@next/swc-linux-x64-gnu": "npm:16.0.0-beta.0"
    "@next/swc-linux-x64-musl": "npm:16.0.0-beta.0"
    "@next/swc-win32-arm64-msvc": "npm:16.0.0-beta.0"
    "@next/swc-win32-x64-msvc": "npm:16.0.0-beta.0"
    "@swc/helpers": "npm:0.5.15"
    caniuse-lite: "npm:^1.0.30001579"
    postcss: "npm:8.4.31"
    sharp: "npm:^0.34.4"
    styled-jsx: "npm:5.1.6"
  peerDependencies:
    "@opentelemetry/api": ^1.1.0
    "@playwright/test": ^1.51.1
    babel-plugin-react-compiler: "*"
    react: ^18.2.0 || 19.0.0-rc-de68d2f4-20241204 || ^19.0.0
    react-dom: ^18.2.0 || 19.0.0-rc-de68d2f4-20241204 || ^19.0.0
    sass: ^1.3.0
  dependenciesMeta:
    "@next/swc-darwin-arm64":
      optional: true
    "@next/swc-darwin-x64":
      optional: true
    "@next/swc-linux-arm64-gnu":
      optional: true
    "@next/swc-linux-arm64-musl":
      optional: true
    "@next/swc-linux-x64-gnu":
      optional: true
    "@next/swc-linux-x64-musl":
      optional: true
    "@next/swc-win32-arm64-msvc":
      optional: true
    "@next/swc-win32-x64-msvc":
      optional: true
    sharp:
      optional: true
  peerDependenciesMeta:
    "@opentelemetry/api":
      optional: true
    "@playwright/test":
      optional: true
    babel-plugin-react-compiler:
      optional: true
    sass:
      optional: true
  bin:
    next: dist/bin/next
  checksum: 10c0/ee7e5afbcb3c2e17a675e547bbbbb8aeae260f10c4c99e30d679693a855255eb2d3c9a72f1b9789042f21bac0623c2dae28276209e63d03ac779132d00580ce3
  languageName: node
  linkType: hard

"node-releases@npm:^2.0.27":
  version: 2.0.27
  resolution: "node-releases@npm:2.0.27"
  checksum: 10c0/f1e6583b7833ea81880627748d28a3a7ff5703d5409328c216ae57befbced10ce2c991bea86434e8ec39003bd017f70481e2e5f8c1f7e0a7663241f81d6e00e2
  languageName: node
  linkType: hard

"picocolors@npm:^1.0.0, picocolors@npm:^1.1.1":
  version: 1.1.1
  resolution: "picocolors@npm:1.1.1"
  checksum: 10c0/e2e3e8170ab9d7c7421969adaa7e1b31434f789afb9b3f115f6b96d91945041ac3ceb02e9ec6fe6510ff036bcc0bf91e69a1772edc0b707e12b19c0f2d6bcf58
  languageName: node
  linkType: hard

"postcss-value-parser@npm:^4.2.0":
  version: 4.2.0
  resolution: "postcss-value-parser@npm:4.2.0"
  checksum: 10c0/f4142a4f56565f77c1831168e04e3effd9ffcc5aebaf0f538eee4b2d465adfd4b85a44257bb48418202a63806a7da7fe9f56c330aebb3cac898e46b4cbf49161
  languageName: node
  linkType: hard

"postcss@npm:8.4.31":
  version: 8.4.31
  resolution: "postcss@npm:8.4.31"
  dependencies:
    nanoid: "npm:^3.3.6"
    picocolors: "npm:^1.0.0"
    source-map-js: "npm:^1.0.2"
  checksum: 10c0/748b82e6e5fc34034dcf2ae88ea3d11fd09f69b6c50ecdd3b4a875cfc7cdca435c958b211e2cb52355422ab6fccb7d8f2f2923161d7a1b281029e4a913d59acf
  languageName: node
  linkType: hard

"postcss@npm:^8.4.41, postcss@npm:^8.5.6":
  version: 8.5.6
  resolution: "postcss@npm:8.5.6"
  dependencies:
    nanoid: "npm:^3.3.11"
    picocolors: "npm:^1.1.1"
    source-map-js: "npm:^1.2.1"
  checksum: 10c0/5127cc7c91ed7a133a1b7318012d8bfa112da9ef092dddf369ae699a1f10ebbd89b1b9f25f3228795b84585c72aabd5ced5fc11f2ba467eedf7b081a66fad024
  languageName: node
  linkType: hard

"react-dom@npm:^19.2.3":
  version: 19.2.3
  resolution: "react-dom@npm:19.2.3"
  dependencies:
    scheduler: "npm:^0.27.0"
  peerDependencies:
    react: ^19.2.3
  checksum: 10c0/dc43f7ede06f46f3acc16ee83107c925530de9b91d1d0b3824583814746ff4c498ea64fd65cd83aba363205268adff52e2827c582634ae7b15069deaeabc4892
  languageName: node
  linkType: hard

"react@npm:^19.2.3":
  version: 19.2.3
  resolution: "react@npm:19.2.3"
  checksum: 10c0/094220b3ba3a76c1b668f972ace1dd15509b157aead1b40391d1c8e657e720c201d9719537375eff08f5e0514748c0319063392a6f000e31303aafc4471f1436
  languageName: node
  linkType: hard

"scheduler@npm:^0.27.0":
  version: 0.27.0
  resolution: "scheduler@npm:0.27.0"
  checksum: 10c0/4f03048cb05a3c8fddc45813052251eca00688f413a3cee236d984a161da28db28ba71bd11e7a3dd02f7af84ab28d39fb311431d3b3772fed557945beb00c452
  languageName: node
  linkType: hard

"semver@npm:^7.7.3":
  version: 7.7.3
  resolution: "semver@npm:7.7.3"
  bin:
    semver: bin/semver.js
  checksum: 10c0/4afe5c986567db82f44c8c6faef8fe9df2a9b1d98098fc1721f57c696c4c21cebd572f297fc21002f81889492345b8470473bc6f4aff5fb032a6ea59ea2bc45e
  languageName: node
  linkType: hard

"sharp@npm:^0.34.4":
  version: 0.34.5
  resolution: "sharp@npm:0.34.5"
  dependencies:
    "@img/colour": "npm:^1.0.0"
    "@img/sharp-darwin-arm64": "npm:0.34.5"
    "@img/sharp-darwin-x64": "npm:0.34.5"
    "@img/sharp-libvips-darwin-arm64": "npm:1.2.4"
    "@img/sharp-libvips-darwin-x64": "npm:1.2.4"
    "@img/sharp-libvips-linux-arm": "npm:1.2.4"
    "@img/sharp-libvips-linux-arm64": "npm:1.2.4"
    "@img/sharp-libvips-linux-ppc64": "npm:1.2.4"
    "@img/sharp-libvips-linux-riscv64": "npm:1.2.4"
    "@img/sharp-libvips-linux-s390x": "npm:1.2.4"
    "@img/sharp-libvips-linux-x64": "npm:1.2.4"
    "@img/sharp-libvips-linuxmusl-arm64": "npm:1.2.4"
    "@img/sharp-libvips-linuxmusl-x64": "npm:1.2.4"
    "@img/sharp-linux-arm": "npm:0.34.5"
    "@img/sharp-linux-arm64": "npm:0.34.5"
    "@img/sharp-linux-ppc64": "npm:0.34.5"
    "@img/sharp-linux-riscv64": "npm:0.34.5"
    "@img/sharp-linux-s390x": "npm:0.34.5"
    "@img/sharp-linux-x64": "npm:0.34.5"
    "@img/sharp-linuxmusl-arm64": "npm:0.34.5"
    "@img/sharp-linuxmusl-x64": "npm:0.34.5"
    "@img/sharp-wasm32": "npm:0.34.5"
    "@img/sharp-win32-arm64": "npm:0.34.5"
    "@img/sharp-win32-ia32": "npm:0.34.5"
    "@img/sharp-win32-x64": "npm:0.34.5"
    detect-libc: "npm:^2.1.2"
    semver: "npm:^7.7.3"
  dependenciesMeta:
    "@img/sharp-darwin-arm64":
      optional: true
    "@img/sharp-darwin-x64":
      optional: true
    "@img/sharp-libvips-darwin-arm64":
      optional: true
    "@img/sharp-libvips-darwin-x64":
      optional: true
    "@img/sharp-libvips-linux-arm":
      optional: true
    "@img/sharp-libvips-linux-arm64":
      optional: true
    "@img/sharp-libvips-linux-ppc64":
      optional: true
    "@img/sharp-libvips-linux-riscv64":
      optional: true
    "@img/sharp-libvips-linux-s390x":
      optional: true
    "@img/sharp-libvips-linux-x64":
      optional: true
    "@img/sharp-libvips-linuxmusl-arm64":
      optional: true
    "@img/sharp-libvips-linuxmusl-x64":
      optional: true
    "@img/sharp-linux-arm":
      optional: true
    "@img/sharp-linux-arm64":
      optional: true
    "@img/sharp-linux-ppc64":
      optional: true
    "@img/sharp-linux-riscv64":
      optional: true
    "@img/sharp-linux-s390x":
      optional: true
    "@img/sharp-linux-x64":
      optional: true
    "@img/sharp-linuxmusl-arm64":
      optional: true
    "@img/sharp-linuxmusl-x64":
      optional: true
    "@img/sharp-wasm32":
      optional: true
    "@img/sharp-win32-arm64":
      optional: true
    "@img/sharp-win32-ia32":
      optional: true
    "@img/sharp-win32-x64":
      optional: true
  checksum: 10c0/fd79e29df0597a7d5704b8461c51f944ead91a5243691697be6e8243b966402beda53ddc6f0a53b96ea3cb8221f0b244aa588114d3ebf8734fb4aefd41ab802f
  languageName: node
  linkType: hard

"source-map-js@npm:^1.0.2, source-map-js@npm:^1.2.1":
  version: 1.2.1
  resolution: "source-map-js@npm:1.2.1"
  checksum: 10c0/7bda1fc4c197e3c6ff17de1b8b2c20e60af81b63a52cb32ec5a5d67a20a7d42651e2cb34ebe93833c5a2a084377e17455854fee3e21e7925c64a51b6a52b0faf
  languageName: node
  linkType: hard

"styled-jsx@npm:5.1.6":
  version: 5.1.6
  resolution: "styled-jsx@npm:5.1.6"
  dependencies:
    client-only: "npm:0.0.1"
  peerDependencies:
    react: ">= 16.8.0 || 17.x.x || ^18.0.0-0 || ^19.0.0-0"
  peerDependenciesMeta:
    "@babel/core":
      optional: true
    babel-plugin-macros:
      optional: true
  checksum: 10c0/ace50e7ea5ae5ae6a3b65a50994c51fca6ae7df9c7ecfd0104c36be0b4b3a9c5c1a2374d16e2a11e256d0b20be6d47256d768ecb4f91ab390f60752a075780f5
  languageName: node
  linkType: hard

"tabbable@npm:^6.0.0":
  version: 6.4.0
  resolution: "tabbable@npm:6.4.0"
  checksum: 10c0/d931427f4a96b801fd8801ba296a702119e06f70ad262fed8abc5271225c9f1ca51b89fdec4fb2f22e1d35acb3d2881db0a17cedc758272e9ecb540d00299d76
  languageName: node
  linkType: hard

"tailwindcss@npm:4.1.18, tailwindcss@npm:^4.1.18":
  version: 4.1.18
  resolution: "tailwindcss@npm:4.1.18"
  checksum: 10c0/c79263cea0b2c577859b02f28284caa4eb3844e4d0f563686726ca97817c045c5c395a55bc776daaa351ba9e4aefa9a75bfbb43c22d86f3c573eecc2b87d6bf1
  languageName: node
  linkType: hard

"tapable@npm:^2.2.0":
  version: 2.3.0
  resolution: "tapable@npm:2.3.0"
  checksum: 10c0/cb9d67cc2c6a74dedc812ef3085d9d681edd2c1fa18e4aef57a3c0605fdbe44e6b8ea00bd9ef21bc74dd45314e39d31227aa031ebf2f5e38164df514136f2681
  languageName: node
  linkType: hard

"tslib@npm:^2.4.0, tslib@npm:^2.8.0":
  version: 2.8.1
  resolution: "tslib@npm:2.8.1"
  checksum: 10c0/9c4759110a19c53f992d9aae23aac5ced636e99887b51b9e61def52611732872ff7668757d4e4c61f19691e36f4da981cd9485e869b4a7408d689f6bf1f14e62
  languageName: node
  linkType: hard

"typescript@npm:5.9.3":
  version: 5.9.3
  resolution: "typescript@npm:5.9.3"
  bin:
    tsc: bin/tsc
    tsserver: bin/tsserver
  checksum: 10c0/6bd7552ce39f97e711db5aa048f6f9995b53f1c52f7d8667c1abdc1700c68a76a308f579cd309ce6b53646deb4e9a1be7c813a93baaf0a28ccd536a30270e1c5
  languageName: node
  linkType: hard

"typescript@patch:typescript@npm%3A5.9.3#optional!builtin<compat/typescript>":
  version: 5.9.3
  resolution: "typescript@patch:typescript@npm%3A5.9.3#optional!builtin<compat/typescript>::version=5.9.3&hash=5786d5"
  bin:
    tsc: bin/tsc
    tsserver: bin/tsserver
  checksum: 10c0/ad09fdf7a756814dce65bc60c1657b40d44451346858eea230e10f2e95a289d9183b6e32e5c11e95acc0ccc214b4f36289dcad4bf1886b0adb84d711d336a430
  languageName: node
  linkType: hard

"uncrypto@npm:^0.1.3":
  version: 0.1.3
  resolution: "uncrypto@npm:0.1.3"
  checksum: 10c0/74a29afefd76d5b77bedc983559ceb33f5bbc8dada84ff33755d1e3355da55a4e03a10e7ce717918c436b4dfafde1782e799ebaf2aadd775612b49f7b5b2998e
  languageName: node
  linkType: hard

"undici-types@npm:~7.16.0":
  version: 7.16.0
  resolution: "undici-types@npm:7.16.0"
  checksum: 10c0/3033e2f2b5c9f1504bdc5934646cb54e37ecaca0f9249c983f7b1fc2e87c6d18399ebb05dc7fd5419e02b2e915f734d872a65da2e3eeed1813951c427d33cc9a
  languageName: node
  linkType: hard

"update-browserslist-db@npm:^1.2.0":
  version: 1.2.3
  resolution: "update-browserslist-db@npm:1.2.3"
  dependencies:
    escalade: "npm:^3.2.0"
    picocolors: "npm:^1.1.1"
  peerDependencies:
    browserslist: ">= 4.21.0"
  bin:
    update-browserslist-db: cli.js
  checksum: 10c0/13a00355ea822388f68af57410ce3255941d5fb9b7c49342c4709a07c9f230bbef7f7499ae0ca7e0de532e79a82cc0c4edbd125f1a323a1845bf914efddf8bec
  languageName: node
  linkType: hard

"use-sync-external-store@npm:^1.5.0":
  version: 1.6.0
  resolution: "use-sync-external-store@npm:1.6.0"
  peerDependencies:
    react: ^16.8.0 || ^17.0.0 || ^18.0.0 || ^19.0.0
  checksum: 10c0/35e1179f872a53227bdf8a827f7911da4c37c0f4091c29b76b1e32473d1670ebe7bcd880b808b7549ba9a5605c233350f800ffab963ee4a4ee346ee983b6019b
  languageName: node
  linkType: hard
